
Microsoft Visual Studio Solution File, Format Version 12.00
# Visual Studio 15
VisualStudioVersion = 15.0.28307.489
MinimumVisualStudioVersion = 10.0.40219.1
Project("{FAE04EC0-301F-11D3-BF4B-00C04F79EFBC}") = "Exception", "Exception\Exception.csproj", "{A7686B0D-07BF-4876-85EF-66122D3F4A09}"
EndProject
Global
	GlobalSection(SolutionConfigurationPlatforms) = preSolution
		Debug|Any CPU = Debug|Any CPU
		Release|Any CPU = Release|Any CPU
	EndGlobalSection
	GlobalSection(ProjectConfigurationPlatforms) = postSolution
		{A7686B0D-07BF-4876-85EF-66122D3F4A09}.Debug|Any CPU.ActiveCfg = Debug|Any CPU
		{A7686B0D-07BF-4876-85EF-66122D3F4A09}.Debug|Any CPU.Build.0 = Debug|Any CPU
		{A7686B0D-07BF-4876-85EF-66122D3F4A09}.Release|Any CPU.ActiveCfg = Release|Any CPU
		{A7686B0D-07BF-4876-85EF-66122D3F4A09}.Release|Any CPU.Build.0 = Release|Any CPU
	EndGlobalSection
	GlobalSection(SolutionProperties) = preSolution
		HideSolutionNode = FALSE
	EndGlobalSection
	GlobalSection(ExtensibilityGlobals) = postSolution
		SolutionGuid = {204AE33E-B857-400A-B8EB-8C8666E4BA84}
	EndGlobalSection
EndGlobal
